{
  "version": "4",
  "specifiers": {
    "jsr:@divy/sdl2@0.14.0": "0.14.0",
    "jsr:@std/fs@1.0": "1.0.14",
    "jsr:@std/path@1.0": "1.0.8",
    "jsr:@std/path@^1.0.8": "1.0.8",
    "npm:gifuct-js@2.1.2": "2.1.2",
    "npm:linkedom@0.18.4": "0.18.4",
    "npm:three@0.175.0": "0.175.0"
  },
  "jsr": {
    "@divy/sdl2@0.14.0": {
      "integrity": "01347d34dd12cabd972eec340a142cdc6176f9e2720a72ab3515f73cf9d27bad"
    },
    "@std/fs@1.0.14": {
      "integrity": "1e84bf0b95fe08f41f1f4aea9717bbf29f45408a56ce073b0114474ce1c9fccf",
      "dependencies": [
        "jsr:@std/path@^1.0.8"
      ]
    },
    "@std/path@1.0.8": {
      "integrity": "548fa456bb6a04d3c1a1e7477986b6cffbce95102d0bb447c67c4ee70e0364be"
    }
  },
  "npm": {
    "boolbase@1.0.0": {
      "integrity": "sha512-JZOSA7Mo9sNGB8+UjSgzdLtokWAky1zbztM3WRLCbZ70/3cTANmQmOdR7y2g+J0e2WXywy1yS468tY+IruqEww=="
    },
    "css-select@5.1.0": {
      "integrity": "sha512-nwoRF1rvRRnnCqqY7updORDsuqKzqYJ28+oSMaJMMgOauh3fvwHqMS7EZpIPqK8GL+g9mKxF1vP/ZjSeNjEVHg==",
      "dependencies": [
        "boolbase",
        "css-what",
        "domhandler",
        "domutils",
        "nth-check"
      ]
    },
    "css-what@6.1.0": {
      "integrity": "sha512-HTUrgRJ7r4dsZKU6GjmpfRK1O76h97Z8MfS1G0FozR+oF2kG6Vfe8JE6zwrkbxigziPHinCJ+gCPjA9EaBDtRw=="
    },
    "cssom@0.5.0": {
      "integrity": "sha512-iKuQcq+NdHqlAcwUY0o/HL69XQrUaQdMjmStJ8JFmUaiiQErlhrmuigkg/CU4E2J0IyUKUrMAgl36TvN67MqTw=="
    },
    "dom-serializer@2.0.0": {
      "integrity": "sha512-wIkAryiqt/nV5EQKqQpo3SToSOV9J0DnbJqwK7Wv/Trc92zIAYZ4FlMu+JPFW1DfGFt81ZTCGgDEabffXeLyJg==",
      "dependencies": [
        "domelementtype",
        "domhandler",
        "entities"
      ]
    },
    "domelementtype@2.3.0": {
      "integrity": "sha512-OLETBj6w0OsagBwdXnPdN0cnMfF9opN69co+7ZrbfPGrdpPVNBUj02spi6B1N7wChLQiPn4CSH/zJvXw56gmHw=="
    },
    "domhandler@5.0.3": {
      "integrity": "sha512-cgwlv/1iFQiFnU96XXgROh8xTeetsnJiDsTc7TYCLFd9+/WNkIqPTxiM/8pSd8VIrhXGTf1Ny1q1hquVqDJB5w==",
      "dependencies": [
        "domelementtype"
      ]
    },
    "domutils@3.2.2": {
      "integrity": "sha512-6kZKyUajlDuqlHKVX1w7gyslj9MPIXzIFiz/rGu35uC1wMi+kMhQwGhl4lt9unC9Vb9INnY9Z3/ZA3+FhASLaw==",
      "dependencies": [
        "dom-serializer",
        "domelementtype",
        "domhandler"
      ]
    },
    "entities@4.5.0": {
      "integrity": "sha512-V0hjH4dGPh9Ao5p0MoRY6BVqtwCjhz6vI5LT8AJ55H+4g9/4vbHx1I54fS0XuclLhDHArPQCiMjDxjaL8fPxhw=="
    },
    "gifuct-js@2.1.2": {
      "integrity": "sha512-rI2asw77u0mGgwhV3qA+OEgYqaDn5UNqgs+Bx0FGwSpuqfYn+Ir6RQY5ENNQ8SbIiG/m5gVa7CD5RriO4f4Lsg==",
      "dependencies": [
        "js-binary-schema-parser"
      ]
    },
    "html-escaper@3.0.3": {
      "integrity": "sha512-RuMffC89BOWQoY0WKGpIhn5gX3iI54O6nRA0yC124NYVtzjmFWBIiFd8M0x+ZdX0P9R4lADg1mgP8C7PxGOWuQ=="
    },
    "htmlparser2@9.1.0": {
      "integrity": "sha512-5zfg6mHUoaer/97TxnGpxmbR7zJtPwIYFMZ/H5ucTlPZhKvtum05yiPK3Mgai3a0DyVxv7qYqoweaEd2nrYQzQ==",
      "dependencies": [
        "domelementtype",
        "domhandler",
        "domutils",
        "entities"
      ]
    },
    "js-binary-schema-parser@2.0.3": {
      "integrity": "sha512-xezGJmOb4lk/M1ZZLTR/jaBHQ4gG/lqQnJqdIv4721DMggsa1bDVlHXNeHYogaIEHD9vCRv0fcL4hMA+Coarkg=="
    },
    "linkedom@0.18.4": {
      "integrity": "sha512-JhLErxMIEOKByMi3fURXgI1fYOzR87L1Cn0+MI9GlMckFrqFZpV1SUGox1jcKtsKN3y6JgclcQf0FzZT//BuGw==",
      "dependencies": [
        "css-select",
        "cssom",
        "html-escaper",
        "htmlparser2",
        "uhyphen"
      ]
    },
    "nth-check@2.1.1": {
      "integrity": "sha512-lqjrjmaOoAnWfMmBPL+XNnynZh2+swxiX3WUE0s4yEHI6m+AwrK2UZOimIRl3X/4QctVqS8AiZjFqyOGrMXb/w==",
      "dependencies": [
        "boolbase"
      ]
    },
    "three@0.175.0": {
      "integrity": "sha512-nNE3pnTHxXN/Phw768u0Grr7W4+rumGg/H6PgeseNJojkJtmeHJfZWi41Gp2mpXl1pg1pf1zjwR4McM1jTqkpg=="
    },
    "uhyphen@0.2.0": {
      "integrity": "sha512-qz3o9CHXmJJPGBdqzab7qAYuW8kQGKNEuoHFYrBwV6hWIMcpAmxDLXojcHfFr9US1Pe6zUswEIJIbLI610fuqA=="
    }
  },
  "redirects": {
    "https://esm.sh/destr@^2.0.1?target=denonext": "https://esm.sh/destr@2.0.3?target=denonext",
    "https://esm.sh/ufo@^1.3.0?target=denonext": "https://esm.sh/ufo@1.5.4?target=denonext"
  },
  "remote": {
    "https://deno.land/x/get_pixels@v1.2.2/mod.ts": "5710900b4ef304edb0f8621d63419b927340ebdcafe67263cffd76669cfa0db8",
    "https://deno.land/x/get_pixels@v1.2.2/src/get-pixels.ts": "3f1101ffad7efdfb25863432990cff8eaf48261b76795f04da76cdfd2f37cc9d",
    "https://deno.land/x/jpegts@1.1/lib/decoder.ts": "b8823ee917fc99a1e085c353b2cd4ca1fbaacaaf1f80be94175e42487666c822",
    "https://deno.land/x/jpegts@1.1/lib/encoder.ts": "d75fc5ae88f77e1fa349af08d7a46937add31a03b6d3605ff4d2e3303eb32b3b",
    "https://deno.land/x/jpegts@1.1/lib/image.ts": "32255e99b6c1bf4e72e13367516a0d878ba9d195d81fac1f145ce4c11e951962",
    "https://deno.land/x/jpegts@1.1/lib/pixel.ts": "19f7f28f09514157be87d01d1d12915cc17c787d8c1707899d2f5570ac6a12fe",
    "https://deno.land/x/jpegts@1.1/mod.ts": "2014257f7269bcc822a4d6eb871e5002b347f13a641c12d45c1a61586374f127",
    "https://deno.land/x/lz4@v0.1.2/mod.ts": "4decfc1a3569d03fd1813bd39128b71c8f082850fe98ecfdde20025772916582",
    "https://deno.land/x/lz4@v0.1.2/wasm.js": "b9c65605327ba273f0c76a6dc596ec534d4cda0f0225d7a94ebc606782319e46",
    "https://deno.land/x/pngs@0.1.1/mod.ts": "9dc8a7daed1497b94a77b68c954164a9f0b2a6f40866481bdfdbbaf015b5f764",
    "https://deno.land/x/pngs@0.1.1/wasm.js": "e3d4a8f293b267c9859a2164ca7b4603869bc92fe0d5ad4f109925858bce0c4c",
    "https://esm.sh/destr@2.0.3/denonext/destr.mjs": "240741b1b6b038a1a4b6f0d1f0894bb7751ae5f27c70a627a80d11b29e4b8166",
    "https://esm.sh/destr@2.0.3?target=denonext": "12a41fa29ab1b4b7f1e5b2609bf54c68c32f97579528ed2af3669a0101f28ce1",
    "https://esm.sh/ofetch@1.3.3": "e81d138881759f3d98db6b06cd7fcbe36e5a3e0ec662fd1bcfae97dd83b5f966",
    "https://esm.sh/ofetch@1.3.3/denonext/dist/shared/ofetch.00501375.mjs": "390934aa3e2e767735a89a33a562ac240cf415b0cebd0ee49634be9762a5808a",
    "https://esm.sh/ofetch@1.3.3/denonext/ofetch.mjs": "948ad536693f765ddb86336c28ee921df9276ce9a83e53a255420892e15d8baa",
    "https://esm.sh/ufo@1.5.4/denonext/ufo.mjs": "ab875c1c116435fdb1c7575cbf75c457149cbe78fba6aea594c8179c0f13865a",
    "https://esm.sh/ufo@1.5.4?target=denonext": "b23d0436c652eb7abb6e4704863858c5296f2c70943ff2d932f7a212fd041dd5"
  },
  "workspace": {
    "dependencies": [
      "jsr:@divy/sdl2@0.14.0",
      "npm:three@0.175.0"
    ]
  }
}
