{
  "version": "3",
  "packages": {
    "specifiers": {
      "jsr:@divy/sdl2@0.10.5": "jsr:@divy/sdl2@0.10.5",
      "npm:three@0.164.0": "npm:three@0.164.0"
    },
    "jsr": {
      "@divy/sdl2@0.10.5": {
        "integrity": "399d8ff45507d071301c9dde7740dbe35846cb5e9f6cd26ab53b251bb0039cd8"
      }
    },
    "npm": {
      "three@0.164.0": {
        "integrity": "sha512-bmfVMlDUSiqjR3LxLmIpJRQc4R1z75F/kR9OgJnlI2eVeOyyGkSpjzkLD85WWEKXM9pq5TuUWztf3rKH7P1Fdw==",
        "dependencies": {}
      }
    }
  },
  "remote": {},
  "workspace": {
    "dependencies": [
      "jsr:@divy/sdl2@0.10.5",
      "npm:three@0.164.0"
    ]
  }
}
